// !$*UTF8*$!
{
	archiveVersion = 1;
	classes = {
	};
	objectVersion = 50;
	objects = {

/* Begin PBXBuildFile section */
		6264CE182707977D001A864E /* AppDelegate.swift in Sources */ = {isa = PBXBuildFile; fileRef = 6264CE172707977D001A864E /* AppDelegate.swift */; };
		6264CE1A2707977D001A864E /* SceneDelegate.swift in Sources */ = {isa = PBXBuildFile; fileRef = 6264CE192707977D001A864E /* SceneDelegate.swift */; };
		6264CE1C2707977D001A864E /* ViewController.swift in Sources */ = {isa = PBXBuildFile; fileRef = 6264CE1B2707977D001A864E /* ViewController.swift */; };
		6264CE1F2707977D001A864E /* Main.storyboard in Resources */ = {isa = PBXBuildFile; fileRef = 6264CE1D2707977D001A864E /* Main.storyboard */; };
		6264CE2127079786001A864E /* Assets.xcassets in Resources */ = {isa = PBXBuildFile; fileRef = 6264CE2027079786001A864E /* Assets.xcassets */; };
		6264CE2427079786001A864E /* LaunchScreen.storyboard in Resources */ = {isa = PBXBuildFile; fileRef = 6264CE2227079786001A864E /* LaunchScreen.storyboard */; };
		6264CE2F27079786001A864E /* RedditTests.swift in Sources */ = {isa = PBXBuildFile; fileRef = 6264CE2E27079786001A864E /* RedditTests.swift */; };
		6264CE3A27079786001A864E /* RedditUITests.swift in Sources */ = {isa = PBXBuildFile; fileRef = 6264CE3927079786001A864E /* RedditUITests.swift */; };
		62DA73422708EEC6007252D7 /* FeedViewCell.swift in Sources */ = {isa = PBXBuildFile; fileRef = 62DA73412708EEC6007252D7 /* FeedViewCell.swift */; };
		62DA734D27094A75007252D7 /* FeedModel.swift in Sources */ = {isa = PBXBuildFile; fileRef = 62DA734C27094A75007252D7 /* FeedModel.swift */; };
		62DA735527094AD6007252D7 /* FeedsViewModel.swift in Sources */ = {isa = PBXBuildFile; fileRef = 62DA735427094AD6007252D7 /* FeedsViewModel.swift */; };
		62DA735B27094B0A007252D7 /* APIService.swift in Sources */ = {isa = PBXBuildFile; fileRef = 62DA735A27094B0A007252D7 /* APIService.swift */; };
		62DA73B4270A8AB4007252D7 /* HomePageTableViewDataSource.swift in Sources */ = {isa = PBXBuildFile; fileRef = 62DA73B3270A8AB4007252D7 /* HomePageTableViewDataSource.swift */; };
		62DA73B9270B4661007252D7 /* FeedsTest.swift in Sources */ = {isa = PBXBuildFile; fileRef = 62DA73B8270B4661007252D7 /* FeedsTest.swift */; };
/* End PBXBuildFile section */

/* Begin PBXContainerItemProxy section */
		6264CE2B27079786001A864E /* PBXContainerItemProxy */ = {
			isa = PBXContainerItemProxy;
			containerPortal = 6264CE0C2707977C001A864E /* Project object */;
			proxyType = 1;
			remoteGlobalIDString = 6264CE132707977C001A864E;
			remoteInfo = Reddit;
		};
		6264CE3627079786001A864E /* PBXContainerItemProxy */ = {
			isa = PBXContainerItemProxy;
			containerPortal = 6264CE0C2707977C001A864E /* Project object */;
			proxyType = 1;
			remoteGlobalIDString = 6264CE132707977C001A864E;
			remoteInfo = Reddit;
		};
/* End PBXContainerItemProxy section */

/* Begin PBXFileReference section */
		6264CE142707977C001A864E /* Reddit.app */ = {isa = PBXFileReference; explicitFileType = wrapper.application; includeInIndex = 0; path = Reddit.app; sourceTree = BUILT_PRODUCTS_DIR; };
		6264CE172707977D001A864E /* AppDelegate.swift */ = {isa = PBXFileReference; lastKnownFileType = sourcecode.swift; path = AppDelegate.swift; sourceTree = "<group>"; };
		6264CE192707977D001A864E /* SceneDelegate.swift */ = {isa = PBXFileReference; lastKnownFileType = sourcecode.swift; path = SceneDelegate.swift; sourceTree = "<group>"; };
		6264CE1B2707977D001A864E /* ViewController.swift */ = {isa = PBXFileReference; lastKnownFileType = sourcecode.swift; path = ViewController.swift; sourceTree = "<group>"; };
		6264CE1E2707977D001A864E /* Base */ = {isa = PBXFileReference; lastKnownFileType = file.storyboard; name = Base; path = Base.lproj/Main.storyboard; sourceTree = "<group>"; };
		6264CE2027079786001A864E /* Assets.xcassets */ = {isa = PBXFileReference; lastKnownFileType = folder.assetcatalog; path = Assets.xcassets; sourceTree = "<group>"; };
		6264CE2327079786001A864E /* Base */ = {isa = PBXFileReference; lastKnownFileType = file.storyboard; name = Base; path = Base.lproj/LaunchScreen.storyboard; sourceTree = "<group>"; };
		6264CE2527079786001A864E /* Info.plist */ = {isa = PBXFileReference; lastKnownFileType = text.plist.xml; path = Info.plist; sourceTree = "<group>"; };
		6264CE2A27079786001A864E /* RedditTests.xctest */ = {isa = PBXFileReference; explicitFileType = wrapper.cfbundle; includeInIndex = 0; path = RedditTests.xctest; sourceTree = BUILT_PRODUCTS_DIR; };
		6264CE2E27079786001A864E /* RedditTests.swift */ = {isa = PBXFileReference; lastKnownFileType = sourcecode.swift; path = RedditTests.swift; sourceTree = "<group>"; };
		6264CE3027079786001A864E /* Info.plist */ = {isa = PBXFileReference; lastKnownFileType = text.plist.xml; path = Info.plist; sourceTree = "<group>"; };
		6264CE3527079786001A864E /* RedditUITests.xctest */ = {isa = PBXFileReference; explicitFileType = wrapper.cfbundle; includeInIndex = 0; path = RedditUITests.xctest; sourceTree = BUILT_PRODUCTS_DIR; };
		6264CE3927079786001A864E /* RedditUITests.swift */ = {isa = PBXFileReference; lastKnownFileType = sourcecode.swift; path = RedditUITests.swift; sourceTree = "<group>"; };
		6264CE3B27079786001A864E /* Info.plist */ = {isa = PBXFileReference; lastKnownFileType = text.plist.xml; path = Info.plist; sourceTree = "<group>"; };
		62DA73412708EEC6007252D7 /* FeedViewCell.swift */ = {isa = PBXFileReference; lastKnownFileType = sourcecode.swift; path = FeedViewCell.swift; sourceTree = "<group>"; };
		62DA734C27094A75007252D7 /* FeedModel.swift */ = {isa = PBXFileReference; lastKnownFileType = sourcecode.swift; path = FeedModel.swift; sourceTree = "<group>"; };
		62DA735427094AD6007252D7 /* FeedsViewModel.swift */ = {isa = PBXFileReference; lastKnownFileType = sourcecode.swift; path = FeedsViewModel.swift; sourceTree = "<group>"; };
		62DA735A27094B0A007252D7 /* APIService.swift */ = {isa = PBXFileReference; lastKnownFileType = sourcecode.swift; path = APIService.swift; sourceTree = "<group>"; };
		62DA73B3270A8AB4007252D7 /* HomePageTableViewDataSource.swift */ = {isa = PBXFileReference; lastKnownFileType = sourcecode.swift; path = HomePageTableViewDataSource.swift; sourceTree = "<group>"; };
		62DA73B8270B4661007252D7 /* FeedsTest.swift */ = {isa = PBXFileReference; lastKnownFileType = sourcecode.swift; path = FeedsTest.swift; sourceTree = "<group>"; };
/* End PBXFileReference section */

/* Begin PBXFrameworksBuildPhase section */
		6264CE112707977C001A864E /* Frameworks */ = {
			isa = PBXFrameworksBuildPhase;
			buildActionMask = 2147483647;
			files = (
			);
			runOnlyForDeploymentPostprocessing = 0;
		};
		6264CE2727079786001A864E /* Frameworks */ = {
			isa = PBXFrameworksBuildPhase;
			buildActionMask = 2147483647;
			files = (
			);
			runOnlyForDeploymentPostprocessing = 0;
		};
		6264CE3227079786001A864E /* Frameworks */ = {
			isa = PBXFrameworksBuildPhase;
			buildActionMask = 2147483647;
			files = (
			);
			runOnlyForDeploymentPostprocessing = 0;
		};
/* End PBXFrameworksBuildPhase section */

/* Begin PBXGroup section */
		6264CE0B2707977C001A864E = {
			isa = PBXGroup;
			children = (
				6264CE162707977D001A864E /* Reddit */,
				6264CE2D27079786001A864E /* RedditTests */,
				6264CE3827079786001A864E /* RedditUITests */,
				6264CE152707977C001A864E /* Products */,
			);
			sourceTree = "<group>";
		};
		6264CE152707977C001A864E /* Products */ = {
			isa = PBXGroup;
			children = (
				6264CE142707977C001A864E /* Reddit.app */,
				6264CE2A27079786001A864E /* RedditTests.xctest */,
				6264CE3527079786001A864E /* RedditUITests.xctest */,
			);
			name = Products;
			sourceTree = "<group>";
		};
		6264CE162707977D001A864E /* Reddit */ = {
			isa = PBXGroup;
			children = (
				62DA735927094AF0007252D7 /* Service */,
				62DA734B270948A9007252D7 /* StoryBoards */,
				62DA734A2709486F007252D7 /* Common */,
				62DA734927094865007252D7 /* Controllers */,
				62DA73482709484B007252D7 /* Views */,
				62DA73472709483D007252D7 /* ViewModels */,
				62DA734627094831007252D7 /* Models */,
				6264CE2027079786001A864E /* Assets.xcassets */,
				6264CE2527079786001A864E /* Info.plist */,
			);
			path = Reddit;
			sourceTree = "<group>";
		};
		6264CE2D27079786001A864E /* RedditTests */ = {
			isa = PBXGroup;
			children = (
				62DA73B8270B4661007252D7 /* FeedsTest.swift */,
				6264CE2E27079786001A864E /* RedditTests.swift */,
				6264CE3027079786001A864E /* Info.plist */,
			);
			path = RedditTests;
			sourceTree = "<group>";
		};
		6264CE3827079786001A864E /* RedditUITests */ = {
			isa = PBXGroup;
			children = (
				6264CE3927079786001A864E /* RedditUITests.swift */,
				6264CE3B27079786001A864E /* Info.plist */,
			);
			path = RedditUITests;
			sourceTree = "<group>";
		};
		62DA734627094831007252D7 /* Models */ = {
			isa = PBXGroup;
			children = (
				62DA734C27094A75007252D7 /* FeedModel.swift */,
			);
			path = Models;
			sourceTree = "<group>";
		};
		62DA73472709483D007252D7 /* ViewModels */ = {
			isa = PBXGroup;
			children = (
				62DA735427094AD6007252D7 /* FeedsViewModel.swift */,
				62DA73B3270A8AB4007252D7 /* HomePageTableViewDataSource.swift */,
			);
			path = ViewModels;
			sourceTree = "<group>";
		};
		62DA73482709484B007252D7 /* Views */ = {
			isa = PBXGroup;
			children = (
				62DA73412708EEC6007252D7 /* FeedViewCell.swift */,
			);
			path = Views;
			sourceTree = "<group>";
		};
		62DA734927094865007252D7 /* Controllers */ = {
			isa = PBXGroup;
			children = (
				6264CE1B2707977D001A864E /* ViewController.swift */,
			);
			path = Controllers;
			sourceTree = "<group>";
		};
		62DA734A2709486F007252D7 /* Common */ = {
			isa = PBXGroup;
			children = (
				6264CE172707977D001A864E /* AppDelegate.swift */,
				6264CE192707977D001A864E /* SceneDelegate.swift */,
			);
			path = Common;
			sourceTree = "<group>";
		};
		62DA734B270948A9007252D7 /* StoryBoards */ = {
			isa = PBXGroup;
			children = (
				6264CE1D2707977D001A864E /* Main.storyboard */,
				6264CE2227079786001A864E /* LaunchScreen.storyboard */,
			);
			path = StoryBoards;
			sourceTree = "<group>";
		};
		62DA735927094AF0007252D7 /* Service */ = {
			isa = PBXGroup;
			children = (
				62DA735A27094B0A007252D7 /* APIService.swift */,
			);
			path = Service;
			sourceTree = "<group>";
		};
/* End PBXGroup section */

/* Begin PBXNativeTarget section */
		6264CE132707977C001A864E /* Reddit */ = {
			isa = PBXNativeTarget;
			buildConfigurationList = 6264CE3E27079786001A864E /* Build configuration list for PBXNativeTarget "Reddit" */;
			buildPhases = (
				6264CE102707977C001A864E /* Sources */,
				6264CE112707977C001A864E /* Frameworks */,
				6264CE122707977C001A864E /* Resources */,
			);
			buildRules = (
			);
			dependencies = (
			);
			name = Reddit;
			productName = Reddit;
			productReference = 6264CE142707977C001A864E /* Reddit.app */;
			productType = "com.apple.product-type.application";
		};
		6264CE2927079786001A864E /* RedditTests */ = {
			isa = PBXNativeTarget;
			buildConfigurationList = 6264CE4127079786001A864E /* Build configuration list for PBXNativeTarget "RedditTests" */;
			buildPhases = (
				6264CE2627079786001A864E /* Sources */,
				6264CE2727079786001A864E /* Frameworks */,
				6264CE2827079786001A864E /* Resources */,
			);
			buildRules = (
			);
			dependencies = (
				6264CE2C27079786001A864E /* PBXTargetDependency */,
			);
			name = RedditTests;
			productName = RedditTests;
			productReference = 6264CE2A27079786001A864E /* RedditTests.xctest */;
			productType = "com.apple.product-type.bundle.unit-test";
		};
		6264CE3427079786001A864E /* RedditUITests */ = {
			isa = PBXNativeTarget;
			buildConfigurationList = 6264CE4427079786001A864E /* Build configuration list for PBXNativeTarget "RedditUITests" */;
			buildPhases = (
				6264CE3127079786001A864E /* Sources */,
				6264CE3227079786001A864E /* Frameworks */,
				6264CE3327079786001A864E /* Resources */,
			);
			buildRules = (
			);
			dependencies = (
				6264CE3727079786001A864E /* PBXTargetDependency */,
			);
			name = RedditUITests;
			productName = RedditUITests;
			productReference = 6264CE3527079786001A864E /* RedditUITests.xctest */;
			productType = "com.apple.product-type.bundle.ui-testing";
		};
/* End PBXNativeTarget section */

/* Begin PBXProject section */
		6264CE0C2707977C001A864E /* Project object */ = {
			isa = PBXProject;
			attributes = {
				LastSwiftUpdateCheck = 1240;
				LastUpgradeCheck = 1240;
				TargetAttributes = {
					6264CE132707977C001A864E = {
						CreatedOnToolsVersion = 12.4;
					};
					6264CE2927079786001A864E = {
						CreatedOnToolsVersion = 12.4;
						TestTargetID = 6264CE132707977C001A864E;
					};
					6264CE3427079786001A864E = {
						CreatedOnToolsVersion = 12.4;
						TestTargetID = 6264CE132707977C001A864E;
					};
				};
			};
			buildConfigurationList = 6264CE0F2707977C001A864E /* Build configuration list for PBXProject "Reddit" */;
			compatibilityVersion = "Xcode 9.3";
			developmentRegion = en;
			hasScannedForEncodings = 0;
			knownRegions = (
				en,
				Base,
			);
			mainGroup = 6264CE0B2707977C001A864E;
			productRefGroup = 6264CE152707977C001A864E /* Products */;
			projectDirPath = "";
			projectRoot = "";
			targets = (
				6264CE132707977C001A864E /* Reddit */,
				6264CE2927079786001A864E /* RedditTests */,
				6264CE3427079786001A864E /* RedditUITests */,
			);
		};
/* End PBXProject section */

/* Begin PBXResourcesBuildPhase section */
		6264CE122707977C001A864E /* Resources */ = {
			isa = PBXResourcesBuildPhase;
			buildActionMask = 2147483647;
			files = (
				6264CE2427079786001A864E /* LaunchScreen.storyboard in Resources */,
				6264CE2127079786001A864E /* Assets.xcassets in Resources */,
				6264CE1F2707977D001A864E /* Main.storyboard in Resources */,
			);
			runOnlyForDeploymentPostprocessing = 0;
		};
		6264CE2827079786001A864E /* Resources */ = {
			isa = PBXResourcesBuildPhase;
			buildActionMask = 2147483647;
			files = (
			);
			runOnlyForDeploymentPostprocessing = 0;
		};
		6264CE3327079786001A864E /* Resources */ = {
			isa = PBXResourcesBuildPhase;
			buildActionMask = 2147483647;
			files = (
			);
			runOnlyForDeploymentPostprocessing = 0;
		};
/* End PBXResourcesBuildPhase section */

/* Begin PBXSourcesBuildPhase section */
		6264CE102707977C001A864E /* Sources */ = {
			isa = PBXSourcesBuildPhase;
			buildActionMask = 2147483647;
			files = (
				62DA73B4270A8AB4007252D7 /* HomePageTableViewDataSource.swift in Sources */,
				62DA73422708EEC6007252D7 /* FeedViewCell.swift in Sources */,
				62DA735B27094B0A007252D7 /* APIService.swift in Sources */,
				6264CE1C2707977D001A864E /* ViewController.swift in Sources */,
				62DA734D27094A75007252D7 /* FeedModel.swift in Sources */,
				6264CE182707977D001A864E /* AppDelegate.swift in Sources */,
				62DA735527094AD6007252D7 /* FeedsViewModel.swift in Sources */,
				6264CE1A2707977D001A864E /* SceneDelegate.swift in Sources */,
			);
			runOnlyForDeploymentPostprocessing = 0;
		};
		6264CE2627079786001A864E /* Sources */ = {
			isa = PBXSourcesBuildPhase;
			buildActionMask = 2147483647;
			files = (
				6264CE2F27079786001A864E /* RedditTests.swift in Sources */,
				62DA73B9270B4661007252D7 /* FeedsTest.swift in Sources */,
			);
			runOnlyForDeploymentPostprocessing = 0;
		};
		6264CE3127079786001A864E /* Sources */ = {
			isa = PBXSourcesBuildPhase;
			buildActionMask = 2147483647;
			files = (
				6264CE3A27079786001A864E /* RedditUITests.swift in Sources */,
			);
			runOnlyForDeploymentPostprocessing = 0;
		};
/* End PBXSourcesBuildPhase section */

/* Begin PBXTargetDependency section */
		6264CE2C27079786001A864E /* PBXTargetDependency */ = {
			isa = PBXTargetDependency;
			target = 6264CE132707977C001A864E /* Reddit */;
			targetProxy = 6264CE2B27079786001A864E /* PBXContainerItemProxy */;
		};
		6264CE3727079786001A864E /* PBXTargetDependency */ = {
			isa = PBXTargetDependency;
			target = 6264CE132707977C001A864E /* Reddit */;
			targetProxy = 6264CE3627079786001A864E /* PBXContainerItemProxy */;
		};
/* End PBXTargetDependency section */

/* Begin PBXVariantGroup section */
		6264CE1D2707977D001A864E /* Main.storyboard */ = {
			isa = PBXVariantGroup;
			children = (
				6264CE1E2707977D001A864E /* Base */,
			);
			name = Main.storyboard;
			sourceTree = "<group>";
		};
		6264CE2227079786001A864E /* LaunchScreen.storyboard */ = {
			isa = PBXVariantGroup;
			children = (
				6264CE2327079786001A864E /* Base */,
			);
			name = LaunchScreen.storyboard;
			sourceTree = "<group>";
		};
/* End PBXVariantGroup section */

/* Begin XCBuildConfiguration section */
		6264CE3C27079786001A864E /* Debug */ = {
			isa = XCBuildConfiguration;
			buildSettings = {
				ALWAYS_SEARCH_USER_PATHS = NO;
				CLANG_ANALYZER_NONNULL = YES;
				CLANG_ANALYZER_NUMBER_OBJECT_CONVERSION = YES_AGGRESSIVE;
				CLANG_CXX_LANGUAGE_STANDARD = "gnu++14";
				CLANG_CXX_LIBRARY = "libc++";
				CLANG_ENABLE_MODULES = YES;
				CLANG_ENABLE_OBJC_ARC = YES;
				CLANG_ENABLE_OBJC_WEAK = YES;
				CLANG_WARN_BLOCK_CAPTURE_AUTORELEASING = YES;
				CLANG_WARN_BOOL_CONVERSION = YES;
				CLANG_WARN_COMMA = YES;
				CLANG_WARN_CONSTANT_CONVERSION = YES;
				CLANG_WARN_DEPRECATED_OBJC_IMPLEMENTATIONS = YES;
				CLANG_WARN_DIRECT_OBJC_ISA_USAGE = YES_ERROR;
				CLANG_WARN_DOCUMENTATION_COMMENTS = YES;
				CLANG_WARN_EMPTY_BODY = YES;
				CLANG_WARN_ENUM_CONVERSION = YES;
				CLANG_WARN_INFINITE_RECURSION = YES;
				CLANG_WARN_INT_CONVERSION = YES;
				CLANG_WARN_NON_LITERAL_NULL_CONVERSION = YES;
				CLANG_WARN_OBJC_IMPLICIT_RETAIN_SELF = YES;
				CLANG_WARN_OBJC_LITERAL_CONVERSION = YES;
				CLANG_WARN_OBJC_ROOT_CLASS = YES_ERROR;
				CLANG_WARN_QUOTED_INCLUDE_IN_FRAMEWORK_HEADER = YES;
				CLANG_WARN_RANGE_LOOP_ANALYSIS = YES;
				CLANG_WARN_STRICT_PROTOTYPES = YES;
				CLANG_WARN_SUSPICIOUS_MOVE = YES;
				CLANG_WARN_UNGUARDED_AVAILABILITY = YES_AGGRESSIVE;
				CLANG_WARN_UNREACHABLE_CODE = YES;
				CLANG_WARN__DUPLICATE_METHOD_MATCH = YES;
				COPY_PHASE_STRIP = NO;
				DEBUG_INFORMATION_FORMAT = dwarf;
				ENABLE_STRICT_OBJC_MSGSEND = YES;
				ENABLE_TESTABILITY = YES;
				GCC_C_LANGUAGE_STANDARD = gnu11;
				GCC_DYNAMIC_NO_PIC = NO;
				GCC_NO_COMMON_BLOCKS = YES;
				GCC_OPTIMIZATION_LEVEL = 0;
				GCC_PREPROCESSOR_DEFINITIONS = (
					"DEBUG=1",
					"$(inherited)",
				);
				GCC_WARN_64_TO_32_BIT_CONVERSION = YES;
				GCC_WARN_ABOUT_RETURN_TYPE = YES_ERROR;
				GCC_WARN_UNDECLARED_SELECTOR = YES;
				GCC_WARN_UNINITIALIZED_AUTOS = YES_AGGRESSIVE;
				GCC_WARN_UNUSED_FUNCTION = YES;
				GCC_WARN_UNUSED_VARIABLE = YES;
				IPHONEOS_DEPLOYMENT_TARGET = 14.4;
				MTL_ENABLE_DEBUG_INFO = INCLUDE_SOURCE;
				MTL_FAST_MATH = YES;
				ONLY_ACTIVE_ARCH = YES;
				SDKROOT = iphoneos;
				SWIFT_ACTIVE_COMPILATION_CONDITIONS = DEBUG;
				SWIFT_OPTIMIZATION_LEVEL = "-Onone";
			};
			name = Debug;
		};
		6264CE3D27079786001A864E /* Release */ = {
			isa = XCBuildConfiguration;
			buildSettings = {
				ALWAYS_SEARCH_USER_PATHS = NO;
				CLANG_ANALYZER_NONNULL = YES;
				CLANG_ANALYZER_NUMBER_OBJECT_CONVERSION = YES_AGGRESSIVE;
				CLANG_CXX_LANGUAGE_STANDARD = "gnu++14";
				CLANG_CXX_LIBRARY = "libc++";
				CLANG_ENABLE_MODULES = YES;
				CLANG_ENABLE_OBJC_ARC = YES;
				CLANG_ENABLE_OBJC_WEAK = YES;
				CLANG_WARN_BLOCK_CAPTURE_AUTORELEASING = YES;
				CLANG_WARN_BOOL_CONVERSION = YES;
				CLANG_WARN_COMMA = YES;
				CLANG_WARN_CONSTANT_CONVERSION = YES;
				CLANG_WARN_DEPRECATED_OBJC_IMPLEMENTATIONS = YES;
				CLANG_WARN_DIRECT_OBJC_ISA_USAGE = YES_ERROR;
				CLANG_WARN_DOCUMENTATION_COMMENTS = YES;
				CLANG_WARN_EMPTY_BODY = YES;
				CLANG_WARN_ENUM_CONVERSION = YES;
				CLANG_WARN_INFINITE_RECURSION = YES;
				CLANG_WARN_INT_CONVERSION = YES;
				CLANG_WARN_NON_LITERAL_NULL_CONVERSION = YES;
				CLANG_WARN_OBJC_IMPLICIT_RETAIN_SELF = YES;
				CLANG_WARN_OBJC_LITERAL_CONVERSION = YES;
				CLANG_WARN_OBJC_ROOT_CLASS = YES_ERROR;
				CLANG_WARN_QUOTED_INCLUDE_IN_FRAMEWORK_HEADER = YES;
				CLANG_WARN_RANGE_LOOP_ANALYSIS = YES;
				CLANG_WARN_STRICT_PROTOTYPES = YES;
				CLANG_WARN_SUSPICIOUS_MOVE = YES;
				CLANG_WARN_UNGUARDED_AVAILABILITY = YES_AGGRESSIVE;
				CLANG_WARN_UNREACHABLE_CODE = YES;
				CLANG_WARN__DUPLICATE_METHOD_MATCH = YES;
				COPY_PHASE_STRIP = NO;
				DEBUG_INFORMATION_FORMAT = "dwarf-with-dsym";
				ENABLE_NS_ASSERTIONS = NO;
				ENABLE_STRICT_OBJC_MSGSEND = YES;
				GCC_C_LANGUAGE_STANDARD = gnu11;
				GCC_NO_COMMON_BLOCKS = YES;
				GCC_WARN_64_TO_32_BIT_CONVERSION = YES;
				GCC_WARN_ABOUT_RETURN_TYPE = YES_ERROR;
				GCC_WARN_UNDECLARED_SELECTOR = YES;
				GCC_WARN_UNINITIALIZED_AUTOS = YES_AGGRESSIVE;
				GCC_WARN_UNUSED_FUNCTION = YES;
				GCC_WARN_UNUSED_VARIABLE = YES;
				IPHONEOS_DEPLOYMENT_TARGET = 14.4;
				MTL_ENABLE_DEBUG_INFO = NO;
				MTL_FAST_MATH = YES;
				SDKROOT = iphoneos;
				SWIFT_COMPILATION_MODE = wholemodule;
				SWIFT_OPTIMIZATION_LEVEL = "-O";
				VALIDATE_PRODUCT = YES;
			};
			name = Release;
		};
		6264CE3F27079786001A864E /* Debug */ = {
			isa = XCBuildConfiguration;
			buildSettings = {
				ASSETCATALOG_COMPILER_APPICON_NAME = AppIcon;
				ASSETCATALOG_COMPILER_GLOBAL_ACCENT_COLOR_NAME = AccentColor;
				CODE_SIGN_STYLE = Automatic;
				DEVELOPMENT_TEAM = AV7A82KNC2;
				INFOPLIST_FILE = Reddit/Info.plist;
				LD_RUNPATH_SEARCH_PATHS = (
					"$(inherited)",
					"@executable_path/Frameworks",
				);
				PRODUCT_BUNDLE_IDENTIFIER = com.mgrasp.Reddit;
				PRODUCT_NAME = "$(TARGET_NAME)";
				SWIFT_VERSION = 5.0;
				TARGETED_DEVICE_FAMILY = "1,2";
			};
			name = Debug;
		};
		6264CE4027079786001A864E /* Release */ = {
			isa = XCBuildConfiguration;
			buildSettings = {
				ASSETCATALOG_COMPILER_APPICON_NAME = AppIcon;
				ASSETCATALOG_COMPILER_GLOBAL_ACCENT_COLOR_NAME = AccentColor;
				CODE_SIGN_STYLE = Automatic;
				DEVELOPMENT_TEAM = AV7A82KNC2;
				INFOPLIST_FILE = Reddit/Info.plist;
				LD_RUNPATH_SEARCH_PATHS = (
					"$(inherited)",
					"@executable_path/Frameworks",
				);
				PRODUCT_BUNDLE_IDENTIFIER = com.mgrasp.Reddit;
				PRODUCT_NAME = "$(TARGET_NAME)";
				SWIFT_VERSION = 5.0;
				TARGETED_DEVICE_FAMILY = "1,2";
			};
			name = Release;
		};
		6264CE4227079786001A864E /* Debug */ = {
			isa = XCBuildConfiguration;
			buildSettings = {
				ALWAYS_EMBED_SWIFT_STANDARD_LIBRARIES = YES;
				BUNDLE_LOADER = "$(TEST_HOST)";
				CODE_SIGN_STYLE = Automatic;
				DEVELOPMENT_TEAM = AV7A82KNC2;
				INFOPLIST_FILE = RedditTests/Info.plist;
				IPHONEOS_DEPLOYMENT_TARGET = 14.4;
				LD_RUNPATH_SEARCH_PATHS = (
					"$(inherited)",
					"@executable_path/Frameworks",
					"@loader_path/Frameworks",
				);
				PRODUCT_BUNDLE_IDENTIFIER = com.mgrasp.RedditTests;
				PRODUCT_NAME = "$(TARGET_NAME)";
				SWIFT_VERSION = 5.0;
				TARGETED_DEVICE_FAMILY = "1,2";
				TEST_HOST = "$(BUILT_PRODUCTS_DIR)/Reddit.app/Reddit";
			};
			name = Debug;
		};
		6264CE4327079786001A864E /* Release */ = {
			isa = XCBuildConfiguration;
			buildSettings = {
				ALWAYS_EMBED_SWIFT_STANDARD_LIBRARIES = YES;
				BUNDLE_LOADER = "$(TEST_HOST)";
				CODE_SIGN_STYLE = Automatic;
				DEVELOPMENT_TEAM = AV7A82KNC2;
				INFOPLIST_FILE = RedditTests/Info.plist;
				IPHONEOS_DEPLOYMENT_TARGET = 14.4;
				LD_RUNPATH_SEARCH_PATHS = (
					"$(inherited)",
					"@executable_path/Frameworks",
					"@loader_path/Frameworks",
				);
				PRODUCT_BUNDLE_IDENTIFIER = com.mgrasp.RedditTests;
				PRODUCT_NAME = "$(TARGET_NAME)";
				SWIFT_VERSION = 5.0;
				TARGETED_DEVICE_FAMILY = "1,2";
				TEST_HOST = "$(BUILT_PRODUCTS_DIR)/Reddit.app/Reddit";
			};
			name = Release;
		};
		6264CE4527079786001A864E /* Debug */ = {
			isa = XCBuildConfiguration;
			buildSettings = {
				ALWAYS_EMBED_SWIFT_STANDARD_LIBRARIES = YES;
				CODE_SIGN_STYLE = Automatic;
				DEVELOPMENT_TEAM = AV7A82KNC2;
				INFOPLIST_FILE = RedditUITests/Info.plist;
				LD_RUNPATH_SEARCH_PATHS = (
					"$(inherited)",
					"@executable_path/Frameworks",
					"@loader_path/Frameworks",
				);
				PRODUCT_BUNDLE_IDENTIFIER = com.mgrasp.RedditUITests;
				PRODUCT_NAME = "$(TARGET_NAME)";
				SWIFT_VERSION = 5.0;
				TARGETED_DEVICE_FAMILY = "1,2";
				TEST_TARGET_NAME = Reddit;
			};
			name = Debug;
		};
		6264CE4627079786001A864E /* Release */ = {
			isa = XCBuildConfiguration;
			buildSettings = {
				ALWAYS_EMBED_SWIFT_STANDARD_LIBRARIES = YES;
				CODE_SIGN_STYLE = Automatic;
				DEVELOPMENT_TEAM = AV7A82KNC2;
				INFOPLIST_FILE = RedditUITests/Info.plist;
				LD_RUNPATH_SEARCH_PATHS = (
					"$(inherited)",
					"@executable_path/Frameworks",
					"@loader_path/Frameworks",
				);
				PRODUCT_BUNDLE_IDENTIFIER = com.mgrasp.RedditUITests;
				PRODUCT_NAME = "$(TARGET_NAME)";
				SWIFT_VERSION = 5.0;
				TARGETED_DEVICE_FAMILY = "1,2";
				TEST_TARGET_NAME = Reddit;
			};
			name = Release;
		};
/* End XCBuildConfiguration section */

/* Begin XCConfigurationList section */
		6264CE0F2707977C001A864E /* Build configuration list for PBXProject "Reddit" */ = {
			isa = XCConfigurationList;
			buildConfigurations = (
				6264CE3C27079786001A864E /* Debug */,
				6264CE3D27079786001A864E /* Release */,
			);
			defaultConfigurationIsVisible = 0;
			defaultConfigurationName = Release;
		};
		6264CE3E27079786001A864E /* Build configuration list for PBXNativeTarget "Reddit" */ = {
			isa = XCConfigurationList;
			buildConfigurations = (
				6264CE3F27079786001A864E /* Debug */,
				6264CE4027079786001A864E /* Release */,
			);
			defaultConfigurationIsVisible = 0;
			defaultConfigurationName = Release;
		};
		6264CE4127079786001A864E /* Build configuration list for PBXNativeTarget "RedditTests" */ = {
			isa = XCConfigurationList;
			buildConfigurations = (
				6264CE4227079786001A864E /* Debug */,
				6264CE4327079786001A864E /* Release */,
			);
			defaultConfigurationIsVisible = 0;
			defaultConfigurationName = Release;
		};
		6264CE4427079786001A864E /* Build configuration list for PBXNativeTarget "RedditUITests" */ = {
			isa = XCConfigurationList;
			buildConfigurations = (
				6264CE4527079786001A864E /* Debug */,
				6264CE4627079786001A864E /* Release */,
			);
			defaultConfigurationIsVisible = 0;
			defaultConfigurationName = Release;
		};
/* End XCConfigurationList section */
	};
	rootObject = 6264CE0C2707977C001A864E /* Project object */;
}
